
Microsoft Visual Studio Solution File, Format Version 9.00
# Visual Studio 2005
Project("{FAE04EC0-301F-11D3-BF4B-00C04F79EFBC}") = "NcbiBlastCliClient", "NcbiBlastCliClient\NcbiBlastCliClient.csproj", "{696A7A8E-AD5B-4DED-AE5F-57118AABE73A}"
EndProject
Project("{FAE04EC0-301F-11D3-BF4B-00C04F79EFBC}") = "EbiWS", "EbiWS\EbiWS.csproj", "{07D427FC-3EFC-48A0-9DC7-7D2DDDBBD4DD}"
EndProject
Project("{FAE04EC0-301F-11D3-BF4B-00C04F79EFBC}") = "FastaCliClient", "FastaCliClient\FastaCliClient.csproj", "{25DA1E39-FC2F-483F-9E61-FDCA1D916FF7}"
EndProject
Project("{FAE04EC0-301F-11D3-BF4B-00C04F79EFBC}") = "WuBlastCliClient", "WuBlastCliClient\WuBlastCliClient.csproj", "{FE29CBE8-005F-46A1-BE67-00086BB8E715}"
EndProject
Project("{FAE04EC0-301F-11D3-BF4B-00C04F79EFBC}") = "EBeyeCliClient", "EBeyeCliClient\EBeyeCliClient.csproj", "{3346535B-FAF4-4D17-AE64-9B681139FD73}"
EndProject
Project("{FAE04EC0-301F-11D3-BF4B-00C04F79EFBC}") = "KalignCliClient", "KalignCliClient\KalignCliClient.csproj", "{07FF5EF6-0DD5-47F1-99AD-AD57F759A2D5}"
EndProject
Project("{FAE04EC0-301F-11D3-BF4B-00C04F79EFBC}") = "MafftCliClient", "MafftCliClient\MafftCliClient.csproj", "{50438295-6245-4945-8E55-0023B4F277F6}"
EndProject
Project("{FAE04EC0-301F-11D3-BF4B-00C04F79EFBC}") = "MuscleCliClient", "MuscleCliClient\MuscleCliClient.csproj", "{D6A6F3BD-526D-4C53-95F8-7FCAF75CC7B0}"
EndProject
Project("{FAE04EC0-301F-11D3-BF4B-00C04F79EFBC}") = "TcoffeeCliClient", "TcoffeeCliClient\TcoffeeCliClient.csproj", "{7A5BD7CE-7018-416E-897F-9D831DE4FED6}"
EndProject
Project("{FAE04EC0-301F-11D3-BF4B-00C04F79EFBC}") = "PsiBlastCliClient", "PsiBlastCliClient\PsiBlastCliClient.csproj", "{85F8B007-D263-4D3A-838D-23798E1F32A3}"
EndProject
Project("{FAE04EC0-301F-11D3-BF4B-00C04F79EFBC}") = "PsiSearchCliClient", "PsiSearchCliClient\PsiSearchCliClient.csproj", "{E5841FA4-2F08-424A-8560-4325709B6D67}"
EndProject
Project("{FAE04EC0-301F-11D3-BF4B-00C04F79EFBC}") = "ClustalW2CliClient", "ClustalW2CliClient\ClustalW2CliClient.csproj", "{751556E8-97FA-4828-8489-1653DB90CF56}"
EndProject
Project("{FAE04EC0-301F-11D3-BF4B-00C04F79EFBC}") = "WSDbfetchCliClient", "WSDbfetchCliClient\WSDbfetchCliClient.csproj", "{503C3DEB-B994-4B9A-9AD4-76653994206A}"
EndProject
Project("{FAE04EC0-301F-11D3-BF4B-00C04F79EFBC}") = "FastmCliClient", "FastmCliClient\FastmCliClient.csproj", "{7BBCBB66-7185-446F-B4B0-08CBB721C87E}"
EndProject
Global
	GlobalSection(SolutionConfigurationPlatforms) = preSolution
		Debug|Any CPU = Debug|Any CPU
		Release|Any CPU = Release|Any CPU
	EndGlobalSection
	GlobalSection(ProjectConfigurationPlatforms) = postSolution
		{07D427FC-3EFC-48A0-9DC7-7D2DDDBBD4DD}.Debug|Any CPU.ActiveCfg = Debug|Any CPU
		{07D427FC-3EFC-48A0-9DC7-7D2DDDBBD4DD}.Debug|Any CPU.Build.0 = Debug|Any CPU
		{07D427FC-3EFC-48A0-9DC7-7D2DDDBBD4DD}.Release|Any CPU.ActiveCfg = Release|Any CPU
		{07D427FC-3EFC-48A0-9DC7-7D2DDDBBD4DD}.Release|Any CPU.Build.0 = Release|Any CPU
		{07FF5EF6-0DD5-47F1-99AD-AD57F759A2D5}.Debug|Any CPU.ActiveCfg = Debug|Any CPU
		{07FF5EF6-0DD5-47F1-99AD-AD57F759A2D5}.Debug|Any CPU.Build.0 = Debug|Any CPU
		{07FF5EF6-0DD5-47F1-99AD-AD57F759A2D5}.Release|Any CPU.ActiveCfg = Release|Any CPU
		{07FF5EF6-0DD5-47F1-99AD-AD57F759A2D5}.Release|Any CPU.Build.0 = Release|Any CPU
		{25DA1E39-FC2F-483F-9E61-FDCA1D916FF7}.Debug|Any CPU.ActiveCfg = Debug|Any CPU
		{25DA1E39-FC2F-483F-9E61-FDCA1D916FF7}.Debug|Any CPU.Build.0 = Debug|Any CPU
		{25DA1E39-FC2F-483F-9E61-FDCA1D916FF7}.Release|Any CPU.ActiveCfg = Release|Any CPU
		{25DA1E39-FC2F-483F-9E61-FDCA1D916FF7}.Release|Any CPU.Build.0 = Release|Any CPU
		{3346535B-FAF4-4D17-AE64-9B681139FD73}.Debug|Any CPU.ActiveCfg = Debug|Any CPU
		{3346535B-FAF4-4D17-AE64-9B681139FD73}.Debug|Any CPU.Build.0 = Debug|Any CPU
		{3346535B-FAF4-4D17-AE64-9B681139FD73}.Release|Any CPU.ActiveCfg = Release|Any CPU
		{3346535B-FAF4-4D17-AE64-9B681139FD73}.Release|Any CPU.Build.0 = Release|Any CPU
		{503C3DEB-B994-4B9A-9AD4-76653994206A}.Debug|Any CPU.ActiveCfg = Debug|Any CPU
		{503C3DEB-B994-4B9A-9AD4-76653994206A}.Debug|Any CPU.Build.0 = Debug|Any CPU
		{503C3DEB-B994-4B9A-9AD4-76653994206A}.Release|Any CPU.ActiveCfg = Release|Any CPU
		{503C3DEB-B994-4B9A-9AD4-76653994206A}.Release|Any CPU.Build.0 = Release|Any CPU
		{50438295-6245-4945-8E55-0023B4F277F6}.Debug|Any CPU.ActiveCfg = Debug|Any CPU
		{50438295-6245-4945-8E55-0023B4F277F6}.Debug|Any CPU.Build.0 = Debug|Any CPU
		{50438295-6245-4945-8E55-0023B4F277F6}.Release|Any CPU.ActiveCfg = Release|Any CPU
		{50438295-6245-4945-8E55-0023B4F277F6}.Release|Any CPU.Build.0 = Release|Any CPU
		{696A7A8E-AD5B-4DED-AE5F-57118AABE73A}.Debug|Any CPU.ActiveCfg = Debug|Any CPU
		{696A7A8E-AD5B-4DED-AE5F-57118AABE73A}.Debug|Any CPU.Build.0 = Debug|Any CPU
		{696A7A8E-AD5B-4DED-AE5F-57118AABE73A}.Release|Any CPU.ActiveCfg = Release|Any CPU
		{696A7A8E-AD5B-4DED-AE5F-57118AABE73A}.Release|Any CPU.Build.0 = Release|Any CPU
		{751556E8-97FA-4828-8489-1653DB90CF56}.Debug|Any CPU.ActiveCfg = Debug|Any CPU
		{751556E8-97FA-4828-8489-1653DB90CF56}.Debug|Any CPU.Build.0 = Debug|Any CPU
		{751556E8-97FA-4828-8489-1653DB90CF56}.Release|Any CPU.ActiveCfg = Release|Any CPU
		{751556E8-97FA-4828-8489-1653DB90CF56}.Release|Any CPU.Build.0 = Release|Any CPU
		{7A5BD7CE-7018-416E-897F-9D831DE4FED6}.Debug|Any CPU.ActiveCfg = Debug|Any CPU
		{7A5BD7CE-7018-416E-897F-9D831DE4FED6}.Debug|Any CPU.Build.0 = Debug|Any CPU
		{7A5BD7CE-7018-416E-897F-9D831DE4FED6}.Release|Any CPU.ActiveCfg = Release|Any CPU
		{7A5BD7CE-7018-416E-897F-9D831DE4FED6}.Release|Any CPU.Build.0 = Release|Any CPU
		{7BBCBB66-7185-446F-B4B0-08CBB721C87E}.Debug|Any CPU.ActiveCfg = Debug|Any CPU
		{7BBCBB66-7185-446F-B4B0-08CBB721C87E}.Debug|Any CPU.Build.0 = Debug|Any CPU
		{7BBCBB66-7185-446F-B4B0-08CBB721C87E}.Release|Any CPU.ActiveCfg = Release|Any CPU
		{7BBCBB66-7185-446F-B4B0-08CBB721C87E}.Release|Any CPU.Build.0 = Release|Any CPU
		{85F8B007-D263-4D3A-838D-23798E1F32A3}.Debug|Any CPU.ActiveCfg = Debug|Any CPU
		{85F8B007-D263-4D3A-838D-23798E1F32A3}.Debug|Any CPU.Build.0 = Debug|Any CPU
		{85F8B007-D263-4D3A-838D-23798E1F32A3}.Release|Any CPU.ActiveCfg = Release|Any CPU
		{85F8B007-D263-4D3A-838D-23798E1F32A3}.Release|Any CPU.Build.0 = Release|Any CPU
		{D6A6F3BD-526D-4C53-95F8-7FCAF75CC7B0}.Debug|Any CPU.ActiveCfg = Debug|Any CPU
		{D6A6F3BD-526D-4C53-95F8-7FCAF75CC7B0}.Debug|Any CPU.Build.0 = Debug|Any CPU
		{D6A6F3BD-526D-4C53-95F8-7FCAF75CC7B0}.Release|Any CPU.ActiveCfg = Release|Any CPU
		{D6A6F3BD-526D-4C53-95F8-7FCAF75CC7B0}.Release|Any CPU.Build.0 = Release|Any CPU
		{E5841FA4-2F08-424A-8560-4325709B6D67}.Debug|Any CPU.ActiveCfg = Debug|Any CPU
		{E5841FA4-2F08-424A-8560-4325709B6D67}.Debug|Any CPU.Build.0 = Debug|Any CPU
		{E5841FA4-2F08-424A-8560-4325709B6D67}.Release|Any CPU.ActiveCfg = Release|Any CPU
		{E5841FA4-2F08-424A-8560-4325709B6D67}.Release|Any CPU.Build.0 = Release|Any CPU
		{FE29CBE8-005F-46A1-BE67-00086BB8E715}.Debug|Any CPU.ActiveCfg = Debug|Any CPU
		{FE29CBE8-005F-46A1-BE67-00086BB8E715}.Debug|Any CPU.Build.0 = Debug|Any CPU
		{FE29CBE8-005F-46A1-BE67-00086BB8E715}.Release|Any CPU.ActiveCfg = Release|Any CPU
		{FE29CBE8-005F-46A1-BE67-00086BB8E715}.Release|Any CPU.Build.0 = Release|Any CPU
	EndGlobalSection
	GlobalSection(MonoDevelopProperties) = preSolution
		StartupItem = NcbiBlastCliClient\NcbiBlastCliClient.csproj
	EndGlobalSection
EndGlobal
