
Microsoft Visual Studio Solution File, Format Version 10.00
# Visual Studio 2008
Project("{FAE04EC0-301F-11D3-BF4B-00C04F79EFBC}") = "EbiWS", "EbiWS\EbiWS.csproj", "{07D427FC-3EFC-48A0-9DC7-7D2DDDBBD4DD}"
EndProject
Project("{FAE04EC0-301F-11D3-BF4B-00C04F79EFBC}") = "CensorCliClient", "CensorCliClient\CensorCliClient.csproj", "{E514DCF7-27C3-43A7-91BE-B3DF95A18CE0}"
EndProject
Project("{FAE04EC0-301F-11D3-BF4B-00C04F79EFBC}") = "ClustalOCliClient", "ClustalOCliClient\ClustalOCliClient.csproj", "{E9264F00-E0AF-49C7-9EBD-2CBBBAC543C0}"
EndProject
Project("{FAE04EC0-301F-11D3-BF4B-00C04F79EFBC}") = "ClustalW2CliClient", "ClustalW2CliClient\ClustalW2CliClient.csproj", "{751556E8-97FA-4828-8489-1653DB90CF56}"
EndProject
Project("{FAE04EC0-301F-11D3-BF4B-00C04F79EFBC}") = "ClustalW2PhylogenyCliClient", "ClustalW2PhylogenyCliClient\ClustalW2PhylogenyCliClient.csproj", "{B8A14955-F9A0-41B9-8A6B-241FD9B7F67B}"
EndProject
Project("{FAE04EC0-301F-11D3-BF4B-00C04F79EFBC}") = "DaliliteCliClient", "DaliliteCliClient\DaliliteCliClient.csproj", "{4500BE8D-E8EB-44ED-84C1-E734496D1ABA}"
EndProject
Project("{FAE04EC0-301F-11D3-BF4B-00C04F79EFBC}") = "DbClustalCliClient", "DbClustalCliClient\DbClustalCliClient.csproj", "{9DBBB654-E36B-4849-84BA-1E4CBD1616EF}"
EndProject
Project("{FAE04EC0-301F-11D3-BF4B-00C04F79EFBC}") = "EBeyeCliClient", "EBeyeCliClient\EBeyeCliClient.csproj", "{3346535B-FAF4-4D17-AE64-9B681139FD73}"
EndProject
Project("{FAE04EC0-301F-11D3-BF4B-00C04F79EFBC}") = "EmbossBacktranambigCliClient", "EmbossBacktranambigCliClient\EmbossBacktranambigCliClient.csproj", "{BCD61FE3-428F-461B-86F9-328923BF30DC}"
EndProject
Project("{FAE04EC0-301F-11D3-BF4B-00C04F79EFBC}") = "EmbossBacktranseqCliClient", "EmbossBacktranseqCliClient\EmbossBacktranseqCliClient.csproj", "{BCD61FE3-428F-461B-86F9-328923BF3BDC}"
EndProject
Project("{FAE04EC0-301F-11D3-BF4B-00C04F79EFBC}") = "EmbossCpgplotCliClient", "EmbossCpgplotCliClient\EmbossCpgplotCliClient.csproj", "{CB188982-9AD5-451E-8899-58BBCD430484}"
EndProject
Project("{FAE04EC0-301F-11D3-BF4B-00C04F79EFBC}") = "EmbossIsochoreCliClient", "EmbossIsochoreCliClient\EmbossIsochoreCliClient.csproj", "{DD6682F6-FD8C-4DA5-9893-7786009958AA}"
EndProject
Project("{FAE04EC0-301F-11D3-BF4B-00C04F79EFBC}") = "EmbossMatcherCliClient", "EmbossMatcherCliClient\EmbossMatcherCliClient.csproj", "{7A918E15-0D61-419B-A02F-37E99B955E7F}"
EndProject
Project("{FAE04EC0-301F-11D3-BF4B-00C04F79EFBC}") = "EmbossNeedleCliClient", "EmbossNeedleCliClient\EmbossNeedleCliClient.csproj", "{0B59DE4A-9CC2-4C81-A756-79E1A70B17B0}"
EndProject
Project("{FAE04EC0-301F-11D3-BF4B-00C04F79EFBC}") = "EmbossNewcpgreportCliClient", "EmbossNewcpgreportCliClient\EmbossNewcpgreportCliClient.csproj", "{C7CAC200-2150-4BB1-9E04-64E39C7DB62C}"
EndProject
Project("{FAE04EC0-301F-11D3-BF4B-00C04F79EFBC}") = "EmbossPepinfoCliClient", "EmbossPepinfoCliClient\EmbossPepinfoCliClient.csproj", "{7D89005A-831D-4388-8630-8C37ED0920AA}"
EndProject
Project("{FAE04EC0-301F-11D3-BF4B-00C04F79EFBC}") = "EmbossPepstatsCliClient", "EmbossPepstatsCliClient\EmbossPepstatsCliClient.csproj", "{0632CFD9-ED94-4EA3-8F70-651C7B0C2753}"
EndProject
Project("{FAE04EC0-301F-11D3-BF4B-00C04F79EFBC}") = "EmbossPepwindowCliClient", "EmbossPepwindowCliClient\EmbossPepwindowCliClient.csproj", "{3F03C545-8B21-4F44-A8E0-422FB2DD4802}"
EndProject
Project("{FAE04EC0-301F-11D3-BF4B-00C04F79EFBC}") = "EmbossSeqretCliClient", "EmbossSeqretCliClient\EmbossSeqretCliClient.csproj", "{940B773A-503A-42C6-8871-62CA12AE89D6}"
EndProject
Project("{FAE04EC0-301F-11D3-BF4B-00C04F79EFBC}") = "EmbossSixpackCliClient", "EmbossSixpackCliClient\EmbossSixpackCliClient.csproj", "{4F0D8B7E-8C81-45A4-BF7F-CC4674389504}"
EndProject
Project("{FAE04EC0-301F-11D3-BF4B-00C04F79EFBC}") = "EmbossStretcherCliClient", "EmbossStretcherCliClient\EmbossStretcherCliClient.csproj", "{BCD61FE3-428F-461B-86F9-328903BF3BDC}"
EndProject
Project("{FAE04EC0-301F-11D3-BF4B-00C04F79EFBC}") = "EmbossTranseqCliClient", "EmbossTranseqCliClient\EmbossTranseqCliClient.csproj", "{9E71136C-77D3-4D43-BF05-02A4E7AE50D9}"
EndProject
Project("{FAE04EC0-301F-11D3-BF4B-00C04F79EFBC}") = "EmbossWaterCliClient", "EmbossWaterCliClient\EmbossWaterCliClient.csproj", "{AE7BBA6F-3566-449A-8CED-D6B5B616E415}"
EndProject
Project("{FAE04EC0-301F-11D3-BF4B-00C04F79EFBC}") = "FastaCliClient", "FastaCliClient\FastaCliClient.csproj", "{25DA1E39-FC2F-483F-9E61-FDCA1D916FF7}"
EndProject
Project("{FAE04EC0-301F-11D3-BF4B-00C04F79EFBC}") = "FastmCliClient", "FastmCliClient\FastmCliClient.csproj", "{7BBCBB66-7185-446F-B4B0-08CBB721C87E}"
EndProject
Project("{FAE04EC0-301F-11D3-BF4B-00C04F79EFBC}") = "FingerPRINTScanCliClient", "FingerPRINTScanCliClient\FingerPRINTScanCliClient.csproj", "{E9264F00-E0AF-49C7-9EBD-2CBBBAC543C1}"
EndProject
Project("{FAE04EC0-301F-11D3-BF4B-00C04F79EFBC}") = "GeneWiseCliClient", "GeneWiseCliClient\GeneWiseCliClient.csproj", "{25DA1E39-FC2F-483F-9E61-FDCA1D9160F7}"
EndProject
Project("{FAE04EC0-301F-11D3-BF4B-00C04F79EFBC}") = "HmmerHmmscanCliClient", "HmmerHmmscanCliClient\HmmerHmmscanCliClient.csproj", "{C500A7E2-4CC9-4880-8072-EF3402B29EDD}"
EndProject
Project("{FAE04EC0-301F-11D3-BF4B-00C04F79EFBC}") = "IPRScan5CliClient", "IPRScan5CliClient\IPRScan5CliClient.csproj", "{04201B4E-6767-41E7-8942-F0BF5B59943D}"
EndProject
Project("{FAE04EC0-301F-11D3-BF4B-00C04F79EFBC}") = "IPRScanCliClient", "IPRScanCliClient\IPRScanCliClient.csproj", "{EA080EC1-4E33-461C-9117-49525BCCDD84}"
EndProject
Project("{FAE04EC0-301F-11D3-BF4B-00C04F79EFBC}") = "KalignCliClient", "KalignCliClient\KalignCliClient.csproj", "{07FF5EF6-0DD5-47F1-99AD-AD57F759A2D5}"
EndProject
Project("{FAE04EC0-301F-11D3-BF4B-00C04F79EFBC}") = "LalignCliClient", "LalignCliClient\LalignCliClient.csproj", "{CCBF519B-06E5-40F9-9155-7B534D959B56}"
EndProject
Project("{FAE04EC0-301F-11D3-BF4B-00C04F79EFBC}") = "MafftCliClient", "MafftCliClient\MafftCliClient.csproj", "{50438295-6245-4945-8E55-0023B4F277F6}"
EndProject
Project("{FAE04EC0-301F-11D3-BF4B-00C04F79EFBC}") = "MapMiCliClient", "MapMiCliClient\MapMiCliClient.csproj", "{4881B998-EE13-4232-82DB-6E61006391CD}"
EndProject
Project("{FAE04EC0-301F-11D3-BF4B-00C04F79EFBC}") = "MaxsproutCliClient", "MaxsproutCliClient\MaxsproutCliClient.csproj", "{69120A06-8828-4ED4-9C71-8633849F20BE}"
EndProject
Project("{FAE04EC0-301F-11D3-BF4B-00C04F79EFBC}") = "MuscleCliClient", "MuscleCliClient\MuscleCliClient.csproj", "{D6A6F3BD-526D-4C53-95F8-7FCAF75CC7B0}"
EndProject
Project("{FAE04EC0-301F-11D3-BF4B-00C04F79EFBC}") = "MViewCliClient", "MViewCliClient\MViewCliClient.csproj", "{54D3CB7D-524C-4DE2-9DFF-4685F2EF8803}"
EndProject
Project("{FAE04EC0-301F-11D3-BF4B-00C04F79EFBC}") = "NcbiBlastCliClient", "NcbiBlastCliClient\NcbiBlastCliClient.csproj", "{696A7A8E-AD5B-4DED-AE5F-57118AABE73A}"
EndProject
Project("{FAE04EC0-301F-11D3-BF4B-00C04F79EFBC}") = "PhobiusCliClient", "PhobiusCliClient\PhobiusCliClient.csproj", "{25DA1E39-FC2F-483F-9E61-FDCA1D916F07}"
EndProject
Project("{FAE04EC0-301F-11D3-BF4B-00C04F79EFBC}") = "PrattCliClient", "PrattCliClient\PrattCliClient.csproj", "{E9264F00-E0AF-49C7-9EBD-2CBBBAC543C2}"
EndProject
Project("{FAE04EC0-301F-11D3-BF4B-00C04F79EFBC}") = "PromoterWiseCliClient", "PromoterWiseCliClient\PromoterWiseCliClient.csproj", "{CCBF519B-06E5-40F9-9155-7B534D959B45}"
EndProject
Project("{FAE04EC0-301F-11D3-BF4B-00C04F79EFBC}") = "PsiBlastCliClient", "PsiBlastCliClient\PsiBlastCliClient.csproj", "{85F8B007-D263-4D3A-838D-23798E1F32A3}"
EndProject
Project("{FAE04EC0-301F-11D3-BF4B-00C04F79EFBC}") = "PsiSearchCliClient", "PsiSearchCliClient\PsiSearchCliClient.csproj", "{E5841FA4-2F08-424A-8560-4325709B6D67}"
EndProject
Project("{FAE04EC0-301F-11D3-BF4B-00C04F79EFBC}") = "PsScanCliClient", "PsScanCliClient\PsScanCliClient.csproj", "{E9264F00-E0AF-49C7-9EBD-2CBBBAC543C3}"
EndProject
Project("{FAE04EC0-301F-11D3-BF4B-00C04F79EFBC}") = "RadarCliClient", "RadarCliClient\RadarCliClient.csproj", "{A2A6C108-3F40-41C3-ABCB-BAE1875B9B70}"
EndProject
Project("{FAE04EC0-301F-11D3-BF4B-00C04F79EFBC}") = "ReadseqCliClient", "ReadseqCliClient\ReadseqCliClient.csproj", "{E486363A-40D5-403C-8D02-6C31684D996E}"
EndProject
Project("{FAE04EC0-301F-11D3-BF4B-00C04F79EFBC}") = "SapsCliClient", "SapsCliClient\SapsCliClient.csproj", "{9EC67901-3170-4941-BDAA-F60E09D48C2F}"
EndProject
Project("{FAE04EC0-301F-11D3-BF4B-00C04F79EFBC}") = "SeqCksumCliClient", "SeqCksumCliClient\SeqCksumCliClient.csproj", "{F46A1956-66B0-46AF-91D9-2F923BD0260C}"
EndProject
Project("{FAE04EC0-301F-11D3-BF4B-00C04F79EFBC}") = "TcoffeeCliClient", "TcoffeeCliClient\TcoffeeCliClient.csproj", "{7A5BD7CE-7018-416E-897F-9D831DE4FED6}"
EndProject
Project("{FAE04EC0-301F-11D3-BF4B-00C04F79EFBC}") = "Wise2DBACliClient", "Wise2DBACliClient\Wise2DBACliClient.csproj", "{11893417-F9A5-4D17-BF59-E6CAEB43776B}"
EndProject
Project("{FAE04EC0-301F-11D3-BF4B-00C04F79EFBC}") = "WSDbfetchCliClient", "WSDbfetchCliClient\WSDbfetchCliClient.csproj", "{503C3DEB-B994-4B9A-9AD4-76653994206A}"
EndProject
Project("{FAE04EC0-301F-11D3-BF4B-00C04F79EFBC}") = "WuBlastCliClient", "WuBlastCliClient\WuBlastCliClient.csproj", "{FE29CBE8-005F-46A1-BE67-00086BB8E715}"
EndProject
Global
	GlobalSection(SolutionConfigurationPlatforms) = preSolution
		Debug|Any CPU = Debug|Any CPU
		Release|Any CPU = Release|Any CPU
	EndGlobalSection
	GlobalSection(ProjectConfigurationPlatforms) = postSolution
		{04201B4E-6767-41E7-8942-F0BF5B59943D}.Debug|Any CPU.ActiveCfg = Debug|Any CPU
		{04201B4E-6767-41E7-8942-F0BF5B59943D}.Debug|Any CPU.Build.0 = Debug|Any CPU
		{04201B4E-6767-41E7-8942-F0BF5B59943D}.Release|Any CPU.ActiveCfg = Release|Any CPU
		{04201B4E-6767-41E7-8942-F0BF5B59943D}.Release|Any CPU.Build.0 = Release|Any CPU
		{0632CFD9-ED94-4EA3-8F70-651C7B0C2753}.Debug|Any CPU.ActiveCfg = Debug|Any CPU
		{0632CFD9-ED94-4EA3-8F70-651C7B0C2753}.Debug|Any CPU.Build.0 = Debug|Any CPU
		{0632CFD9-ED94-4EA3-8F70-651C7B0C2753}.Release|Any CPU.ActiveCfg = Release|Any CPU
		{0632CFD9-ED94-4EA3-8F70-651C7B0C2753}.Release|Any CPU.Build.0 = Release|Any CPU
		{07D427FC-3EFC-48A0-9DC7-7D2DDDBBD4DD}.Debug|Any CPU.ActiveCfg = Debug|Any CPU
		{07D427FC-3EFC-48A0-9DC7-7D2DDDBBD4DD}.Debug|Any CPU.Build.0 = Debug|Any CPU
		{07D427FC-3EFC-48A0-9DC7-7D2DDDBBD4DD}.Release|Any CPU.ActiveCfg = Release|Any CPU
		{07D427FC-3EFC-48A0-9DC7-7D2DDDBBD4DD}.Release|Any CPU.Build.0 = Release|Any CPU
		{07FF5EF6-0DD5-47F1-99AD-AD57F759A2D5}.Debug|Any CPU.ActiveCfg = Debug|Any CPU
		{07FF5EF6-0DD5-47F1-99AD-AD57F759A2D5}.Debug|Any CPU.Build.0 = Debug|Any CPU
		{07FF5EF6-0DD5-47F1-99AD-AD57F759A2D5}.Release|Any CPU.ActiveCfg = Release|Any CPU
		{07FF5EF6-0DD5-47F1-99AD-AD57F759A2D5}.Release|Any CPU.Build.0 = Release|Any CPU
		{0B59DE4A-9CC2-4C81-A756-79E1A70B17B0}.Debug|Any CPU.ActiveCfg = Debug|Any CPU
		{0B59DE4A-9CC2-4C81-A756-79E1A70B17B0}.Debug|Any CPU.Build.0 = Debug|Any CPU
		{0B59DE4A-9CC2-4C81-A756-79E1A70B17B0}.Release|Any CPU.ActiveCfg = Release|Any CPU
		{0B59DE4A-9CC2-4C81-A756-79E1A70B17B0}.Release|Any CPU.Build.0 = Release|Any CPU
		{11893417-F9A5-4D17-BF59-E6CAEB43776B}.Debug|Any CPU.ActiveCfg = Debug|Any CPU
		{11893417-F9A5-4D17-BF59-E6CAEB43776B}.Debug|Any CPU.Build.0 = Debug|Any CPU
		{11893417-F9A5-4D17-BF59-E6CAEB43776B}.Release|Any CPU.ActiveCfg = Debug|Any CPU
		{11893417-F9A5-4D17-BF59-E6CAEB43776B}.Release|Any CPU.Build.0 = Debug|Any CPU
		{25DA1E39-FC2F-483F-9E61-FDCA1D9160F7}.Debug|Any CPU.ActiveCfg = Debug|Any CPU
		{25DA1E39-FC2F-483F-9E61-FDCA1D9160F7}.Debug|Any CPU.Build.0 = Debug|Any CPU
		{25DA1E39-FC2F-483F-9E61-FDCA1D9160F7}.Release|Any CPU.ActiveCfg = Release|Any CPU
		{25DA1E39-FC2F-483F-9E61-FDCA1D9160F7}.Release|Any CPU.Build.0 = Release|Any CPU
		{25DA1E39-FC2F-483F-9E61-FDCA1D916F07}.Debug|Any CPU.ActiveCfg = Debug|Any CPU
		{25DA1E39-FC2F-483F-9E61-FDCA1D916F07}.Debug|Any CPU.Build.0 = Debug|Any CPU
		{25DA1E39-FC2F-483F-9E61-FDCA1D916F07}.Release|Any CPU.ActiveCfg = Release|Any CPU
		{25DA1E39-FC2F-483F-9E61-FDCA1D916F07}.Release|Any CPU.Build.0 = Release|Any CPU
		{25DA1E39-FC2F-483F-9E61-FDCA1D916FF7}.Debug|Any CPU.ActiveCfg = Debug|Any CPU
		{25DA1E39-FC2F-483F-9E61-FDCA1D916FF7}.Debug|Any CPU.Build.0 = Debug|Any CPU
		{25DA1E39-FC2F-483F-9E61-FDCA1D916FF7}.Release|Any CPU.ActiveCfg = Release|Any CPU
		{25DA1E39-FC2F-483F-9E61-FDCA1D916FF7}.Release|Any CPU.Build.0 = Release|Any CPU
		{3346535B-FAF4-4D17-AE64-9B681139FD73}.Debug|Any CPU.ActiveCfg = Debug|Any CPU
		{3346535B-FAF4-4D17-AE64-9B681139FD73}.Debug|Any CPU.Build.0 = Debug|Any CPU
		{3346535B-FAF4-4D17-AE64-9B681139FD73}.Release|Any CPU.ActiveCfg = Release|Any CPU
		{3346535B-FAF4-4D17-AE64-9B681139FD73}.Release|Any CPU.Build.0 = Release|Any CPU
		{3F03C545-8B21-4F44-A8E0-422FB2DD4802}.Debug|Any CPU.ActiveCfg = Debug|Any CPU
		{3F03C545-8B21-4F44-A8E0-422FB2DD4802}.Debug|Any CPU.Build.0 = Debug|Any CPU
		{3F03C545-8B21-4F44-A8E0-422FB2DD4802}.Release|Any CPU.ActiveCfg = Release|Any CPU
		{3F03C545-8B21-4F44-A8E0-422FB2DD4802}.Release|Any CPU.Build.0 = Release|Any CPU
		{4500BE8D-E8EB-44ED-84C1-E734496D1ABA}.Debug|Any CPU.ActiveCfg = Debug|Any CPU
		{4500BE8D-E8EB-44ED-84C1-E734496D1ABA}.Debug|Any CPU.Build.0 = Debug|Any CPU
		{4500BE8D-E8EB-44ED-84C1-E734496D1ABA}.Release|Any CPU.ActiveCfg = Release|Any CPU
		{4500BE8D-E8EB-44ED-84C1-E734496D1ABA}.Release|Any CPU.Build.0 = Release|Any CPU
		{4881B998-EE13-4232-82DB-6E61006391CD}.Debug|Any CPU.ActiveCfg = Debug|Any CPU
		{4881B998-EE13-4232-82DB-6E61006391CD}.Debug|Any CPU.Build.0 = Debug|Any CPU
		{4881B998-EE13-4232-82DB-6E61006391CD}.Release|Any CPU.ActiveCfg = Release|Any CPU
		{4881B998-EE13-4232-82DB-6E61006391CD}.Release|Any CPU.Build.0 = Release|Any CPU
		{4F0D8B7E-8C81-45A4-BF7F-CC4674389504}.Debug|Any CPU.ActiveCfg = Debug|Any CPU
		{4F0D8B7E-8C81-45A4-BF7F-CC4674389504}.Debug|Any CPU.Build.0 = Debug|Any CPU
		{4F0D8B7E-8C81-45A4-BF7F-CC4674389504}.Release|Any CPU.ActiveCfg = Release|Any CPU
		{4F0D8B7E-8C81-45A4-BF7F-CC4674389504}.Release|Any CPU.Build.0 = Release|Any CPU
		{503C3DEB-B994-4B9A-9AD4-76653994206A}.Debug|Any CPU.ActiveCfg = Debug|Any CPU
		{503C3DEB-B994-4B9A-9AD4-76653994206A}.Debug|Any CPU.Build.0 = Debug|Any CPU
		{503C3DEB-B994-4B9A-9AD4-76653994206A}.Release|Any CPU.ActiveCfg = Release|Any CPU
		{503C3DEB-B994-4B9A-9AD4-76653994206A}.Release|Any CPU.Build.0 = Release|Any CPU
		{50438295-6245-4945-8E55-0023B4F277F6}.Debug|Any CPU.ActiveCfg = Debug|Any CPU
		{50438295-6245-4945-8E55-0023B4F277F6}.Debug|Any CPU.Build.0 = Debug|Any CPU
		{50438295-6245-4945-8E55-0023B4F277F6}.Release|Any CPU.ActiveCfg = Release|Any CPU
		{50438295-6245-4945-8E55-0023B4F277F6}.Release|Any CPU.Build.0 = Release|Any CPU
		{54D3CB7D-524C-4DE2-9DFF-4685F2EF8803}.Debug|Any CPU.ActiveCfg = Debug|Any CPU
		{54D3CB7D-524C-4DE2-9DFF-4685F2EF8803}.Debug|Any CPU.Build.0 = Debug|Any CPU
		{54D3CB7D-524C-4DE2-9DFF-4685F2EF8803}.Release|Any CPU.ActiveCfg = Release|Any CPU
		{54D3CB7D-524C-4DE2-9DFF-4685F2EF8803}.Release|Any CPU.Build.0 = Release|Any CPU
		{69120A06-8828-4ED4-9C71-8633849F20BE}.Debug|Any CPU.ActiveCfg = Debug|Any CPU
		{69120A06-8828-4ED4-9C71-8633849F20BE}.Debug|Any CPU.Build.0 = Debug|Any CPU
		{69120A06-8828-4ED4-9C71-8633849F20BE}.Release|Any CPU.ActiveCfg = Release|Any CPU
		{69120A06-8828-4ED4-9C71-8633849F20BE}.Release|Any CPU.Build.0 = Release|Any CPU
		{696A7A8E-AD5B-4DED-AE5F-57118AABE73A}.Debug|Any CPU.ActiveCfg = Debug|Any CPU
		{696A7A8E-AD5B-4DED-AE5F-57118AABE73A}.Debug|Any CPU.Build.0 = Debug|Any CPU
		{696A7A8E-AD5B-4DED-AE5F-57118AABE73A}.Release|Any CPU.ActiveCfg = Release|Any CPU
		{696A7A8E-AD5B-4DED-AE5F-57118AABE73A}.Release|Any CPU.Build.0 = Release|Any CPU
		{751556E8-97FA-4828-8489-1653DB90CF56}.Debug|Any CPU.ActiveCfg = Debug|Any CPU
		{751556E8-97FA-4828-8489-1653DB90CF56}.Debug|Any CPU.Build.0 = Debug|Any CPU
		{751556E8-97FA-4828-8489-1653DB90CF56}.Release|Any CPU.ActiveCfg = Release|Any CPU
		{751556E8-97FA-4828-8489-1653DB90CF56}.Release|Any CPU.Build.0 = Release|Any CPU
		{7A5BD7CE-7018-416E-897F-9D831DE4FED6}.Debug|Any CPU.ActiveCfg = Debug|Any CPU
		{7A5BD7CE-7018-416E-897F-9D831DE4FED6}.Debug|Any CPU.Build.0 = Debug|Any CPU
		{7A5BD7CE-7018-416E-897F-9D831DE4FED6}.Release|Any CPU.ActiveCfg = Release|Any CPU
		{7A5BD7CE-7018-416E-897F-9D831DE4FED6}.Release|Any CPU.Build.0 = Release|Any CPU
		{7A918E15-0D61-419B-A02F-37E99B955E7F}.Debug|Any CPU.ActiveCfg = Debug|Any CPU
		{7A918E15-0D61-419B-A02F-37E99B955E7F}.Debug|Any CPU.Build.0 = Debug|Any CPU
		{7A918E15-0D61-419B-A02F-37E99B955E7F}.Release|Any CPU.ActiveCfg = Release|Any CPU
		{7A918E15-0D61-419B-A02F-37E99B955E7F}.Release|Any CPU.Build.0 = Release|Any CPU
		{7BBCBB66-7185-446F-B4B0-08CBB721C87E}.Debug|Any CPU.ActiveCfg = Debug|Any CPU
		{7BBCBB66-7185-446F-B4B0-08CBB721C87E}.Debug|Any CPU.Build.0 = Debug|Any CPU
		{7BBCBB66-7185-446F-B4B0-08CBB721C87E}.Release|Any CPU.ActiveCfg = Release|Any CPU
		{7BBCBB66-7185-446F-B4B0-08CBB721C87E}.Release|Any CPU.Build.0 = Release|Any CPU
		{7D89005A-831D-4388-8630-8C37ED0920AA}.Debug|Any CPU.ActiveCfg = Debug|Any CPU
		{7D89005A-831D-4388-8630-8C37ED0920AA}.Debug|Any CPU.Build.0 = Debug|Any CPU
		{7D89005A-831D-4388-8630-8C37ED0920AA}.Release|Any CPU.ActiveCfg = Release|Any CPU
		{7D89005A-831D-4388-8630-8C37ED0920AA}.Release|Any CPU.Build.0 = Release|Any CPU
		{85F8B007-D263-4D3A-838D-23798E1F32A3}.Debug|Any CPU.ActiveCfg = Debug|Any CPU
		{85F8B007-D263-4D3A-838D-23798E1F32A3}.Debug|Any CPU.Build.0 = Debug|Any CPU
		{85F8B007-D263-4D3A-838D-23798E1F32A3}.Release|Any CPU.ActiveCfg = Release|Any CPU
		{85F8B007-D263-4D3A-838D-23798E1F32A3}.Release|Any CPU.Build.0 = Release|Any CPU
		{940B773A-503A-42C6-8871-62CA12AE89D6}.Debug|Any CPU.ActiveCfg = Debug|Any CPU
		{940B773A-503A-42C6-8871-62CA12AE89D6}.Debug|Any CPU.Build.0 = Debug|Any CPU
		{940B773A-503A-42C6-8871-62CA12AE89D6}.Release|Any CPU.ActiveCfg = Release|Any CPU
		{940B773A-503A-42C6-8871-62CA12AE89D6}.Release|Any CPU.Build.0 = Release|Any CPU
		{9DBBB654-E36B-4849-84BA-1E4CBD1616EF}.Debug|Any CPU.ActiveCfg = Debug|Any CPU
		{9DBBB654-E36B-4849-84BA-1E4CBD1616EF}.Debug|Any CPU.Build.0 = Debug|Any CPU
		{9DBBB654-E36B-4849-84BA-1E4CBD1616EF}.Release|Any CPU.ActiveCfg = Release|Any CPU
		{9DBBB654-E36B-4849-84BA-1E4CBD1616EF}.Release|Any CPU.Build.0 = Release|Any CPU
		{9E71136C-77D3-4D43-BF05-02A4E7AE50D9}.Debug|Any CPU.ActiveCfg = Debug|Any CPU
		{9E71136C-77D3-4D43-BF05-02A4E7AE50D9}.Debug|Any CPU.Build.0 = Debug|Any CPU
		{9E71136C-77D3-4D43-BF05-02A4E7AE50D9}.Release|Any CPU.ActiveCfg = Release|Any CPU
		{9E71136C-77D3-4D43-BF05-02A4E7AE50D9}.Release|Any CPU.Build.0 = Release|Any CPU
		{9EC67901-3170-4941-BDAA-F60E09D48C2F}.Debug|Any CPU.ActiveCfg = Debug|Any CPU
		{9EC67901-3170-4941-BDAA-F60E09D48C2F}.Debug|Any CPU.Build.0 = Debug|Any CPU
		{9EC67901-3170-4941-BDAA-F60E09D48C2F}.Release|Any CPU.ActiveCfg = Release|Any CPU
		{9EC67901-3170-4941-BDAA-F60E09D48C2F}.Release|Any CPU.Build.0 = Release|Any CPU
		{A2A6C108-3F40-41C3-ABCB-BAE1875B9B70}.Debug|Any CPU.ActiveCfg = Debug|Any CPU
		{A2A6C108-3F40-41C3-ABCB-BAE1875B9B70}.Debug|Any CPU.Build.0 = Debug|Any CPU
		{A2A6C108-3F40-41C3-ABCB-BAE1875B9B70}.Release|Any CPU.ActiveCfg = Release|Any CPU
		{A2A6C108-3F40-41C3-ABCB-BAE1875B9B70}.Release|Any CPU.Build.0 = Release|Any CPU
		{AE7BBA6F-3566-449A-8CED-D6B5B616E415}.Debug|Any CPU.ActiveCfg = Debug|Any CPU
		{AE7BBA6F-3566-449A-8CED-D6B5B616E415}.Debug|Any CPU.Build.0 = Debug|Any CPU
		{AE7BBA6F-3566-449A-8CED-D6B5B616E415}.Release|Any CPU.ActiveCfg = Release|Any CPU
		{AE7BBA6F-3566-449A-8CED-D6B5B616E415}.Release|Any CPU.Build.0 = Release|Any CPU
		{B8A14955-F9A0-41B9-8A6B-241FD9B7F67B}.Debug|Any CPU.ActiveCfg = Debug|Any CPU
		{B8A14955-F9A0-41B9-8A6B-241FD9B7F67B}.Debug|Any CPU.Build.0 = Debug|Any CPU
		{B8A14955-F9A0-41B9-8A6B-241FD9B7F67B}.Release|Any CPU.ActiveCfg = Release|Any CPU
		{B8A14955-F9A0-41B9-8A6B-241FD9B7F67B}.Release|Any CPU.Build.0 = Release|Any CPU
		{BCD61FE3-428F-461B-86F9-328903BF3BDC}.Debug|Any CPU.ActiveCfg = Debug|Any CPU
		{BCD61FE3-428F-461B-86F9-328903BF3BDC}.Debug|Any CPU.Build.0 = Debug|Any CPU
		{BCD61FE3-428F-461B-86F9-328903BF3BDC}.Release|Any CPU.ActiveCfg = Release|Any CPU
		{BCD61FE3-428F-461B-86F9-328903BF3BDC}.Release|Any CPU.Build.0 = Release|Any CPU
		{BCD61FE3-428F-461B-86F9-328923BF30DC}.Debug|Any CPU.ActiveCfg = Debug|Any CPU
		{BCD61FE3-428F-461B-86F9-328923BF30DC}.Debug|Any CPU.Build.0 = Debug|Any CPU
		{BCD61FE3-428F-461B-86F9-328923BF30DC}.Release|Any CPU.ActiveCfg = Release|Any CPU
		{BCD61FE3-428F-461B-86F9-328923BF30DC}.Release|Any CPU.Build.0 = Release|Any CPU
		{BCD61FE3-428F-461B-86F9-328923BF3BDC}.Debug|Any CPU.ActiveCfg = Debug|Any CPU
		{BCD61FE3-428F-461B-86F9-328923BF3BDC}.Debug|Any CPU.Build.0 = Debug|Any CPU
		{BCD61FE3-428F-461B-86F9-328923BF3BDC}.Release|Any CPU.ActiveCfg = Release|Any CPU
		{BCD61FE3-428F-461B-86F9-328923BF3BDC}.Release|Any CPU.Build.0 = Release|Any CPU
		{C500A7E2-4CC9-4880-8072-EF3402B29EDD}.Debug|Any CPU.ActiveCfg = Debug|Any CPU
		{C500A7E2-4CC9-4880-8072-EF3402B29EDD}.Debug|Any CPU.Build.0 = Debug|Any CPU
		{C500A7E2-4CC9-4880-8072-EF3402B29EDD}.Release|Any CPU.ActiveCfg = Release|Any CPU
		{C500A7E2-4CC9-4880-8072-EF3402B29EDD}.Release|Any CPU.Build.0 = Release|Any CPU
		{C7CAC200-2150-4BB1-9E04-64E39C7DB62C}.Debug|Any CPU.ActiveCfg = Debug|Any CPU
		{C7CAC200-2150-4BB1-9E04-64E39C7DB62C}.Debug|Any CPU.Build.0 = Debug|Any CPU
		{C7CAC200-2150-4BB1-9E04-64E39C7DB62C}.Release|Any CPU.ActiveCfg = Release|Any CPU
		{C7CAC200-2150-4BB1-9E04-64E39C7DB62C}.Release|Any CPU.Build.0 = Release|Any CPU
		{CB188982-9AD5-451E-8899-58BBCD430484}.Debug|Any CPU.ActiveCfg = Debug|Any CPU
		{CB188982-9AD5-451E-8899-58BBCD430484}.Debug|Any CPU.Build.0 = Debug|Any CPU
		{CB188982-9AD5-451E-8899-58BBCD430484}.Release|Any CPU.ActiveCfg = Release|Any CPU
		{CB188982-9AD5-451E-8899-58BBCD430484}.Release|Any CPU.Build.0 = Release|Any CPU
		{CCBF519B-06E5-40F9-9155-7B534D959B45}.Debug|Any CPU.ActiveCfg = Debug|Any CPU
		{CCBF519B-06E5-40F9-9155-7B534D959B45}.Debug|Any CPU.Build.0 = Debug|Any CPU
		{CCBF519B-06E5-40F9-9155-7B534D959B45}.Release|Any CPU.ActiveCfg = Release|Any CPU
		{CCBF519B-06E5-40F9-9155-7B534D959B45}.Release|Any CPU.Build.0 = Release|Any CPU
		{CCBF519B-06E5-40F9-9155-7B534D959B56}.Debug|Any CPU.ActiveCfg = Debug|Any CPU
		{CCBF519B-06E5-40F9-9155-7B534D959B56}.Debug|Any CPU.Build.0 = Debug|Any CPU
		{CCBF519B-06E5-40F9-9155-7B534D959B56}.Release|Any CPU.ActiveCfg = Release|Any CPU
		{CCBF519B-06E5-40F9-9155-7B534D959B56}.Release|Any CPU.Build.0 = Release|Any CPU
		{D6A6F3BD-526D-4C53-95F8-7FCAF75CC7B0}.Debug|Any CPU.ActiveCfg = Debug|Any CPU
		{D6A6F3BD-526D-4C53-95F8-7FCAF75CC7B0}.Debug|Any CPU.Build.0 = Debug|Any CPU
		{D6A6F3BD-526D-4C53-95F8-7FCAF75CC7B0}.Release|Any CPU.ActiveCfg = Release|Any CPU
		{D6A6F3BD-526D-4C53-95F8-7FCAF75CC7B0}.Release|Any CPU.Build.0 = Release|Any CPU
		{DD6682F6-FD8C-4DA5-9893-7786009958AA}.Debug|Any CPU.ActiveCfg = Debug|Any CPU
		{DD6682F6-FD8C-4DA5-9893-7786009958AA}.Debug|Any CPU.Build.0 = Debug|Any CPU
		{DD6682F6-FD8C-4DA5-9893-7786009958AA}.Release|Any CPU.ActiveCfg = Release|Any CPU
		{DD6682F6-FD8C-4DA5-9893-7786009958AA}.Release|Any CPU.Build.0 = Release|Any CPU
		{E486363A-40D5-403C-8D02-6C31684D996E}.Debug|Any CPU.ActiveCfg = Debug|Any CPU
		{E486363A-40D5-403C-8D02-6C31684D996E}.Debug|Any CPU.Build.0 = Debug|Any CPU
		{E486363A-40D5-403C-8D02-6C31684D996E}.Release|Any CPU.ActiveCfg = Release|Any CPU
		{E486363A-40D5-403C-8D02-6C31684D996E}.Release|Any CPU.Build.0 = Release|Any CPU
		{E514DCF7-27C3-43A7-91BE-B3DF95A18CE0}.Debug|Any CPU.ActiveCfg = Debug|Any CPU
		{E514DCF7-27C3-43A7-91BE-B3DF95A18CE0}.Debug|Any CPU.Build.0 = Debug|Any CPU
		{E514DCF7-27C3-43A7-91BE-B3DF95A18CE0}.Release|Any CPU.ActiveCfg = Release|Any CPU
		{E514DCF7-27C3-43A7-91BE-B3DF95A18CE0}.Release|Any CPU.Build.0 = Release|Any CPU
		{E5841FA4-2F08-424A-8560-4325709B6D67}.Debug|Any CPU.ActiveCfg = Debug|Any CPU
		{E5841FA4-2F08-424A-8560-4325709B6D67}.Debug|Any CPU.Build.0 = Debug|Any CPU
		{E5841FA4-2F08-424A-8560-4325709B6D67}.Release|Any CPU.ActiveCfg = Release|Any CPU
		{E5841FA4-2F08-424A-8560-4325709B6D67}.Release|Any CPU.Build.0 = Release|Any CPU
		{E9264F00-E0AF-49C7-9EBD-2CBBBAC543C0}.Debug|Any CPU.ActiveCfg = Debug|Any CPU
		{E9264F00-E0AF-49C7-9EBD-2CBBBAC543C0}.Debug|Any CPU.Build.0 = Debug|Any CPU
		{E9264F00-E0AF-49C7-9EBD-2CBBBAC543C0}.Release|Any CPU.ActiveCfg = Release|Any CPU
		{E9264F00-E0AF-49C7-9EBD-2CBBBAC543C0}.Release|Any CPU.Build.0 = Release|Any CPU
		{E9264F00-E0AF-49C7-9EBD-2CBBBAC543C1}.Debug|Any CPU.ActiveCfg = Debug|Any CPU
		{E9264F00-E0AF-49C7-9EBD-2CBBBAC543C1}.Debug|Any CPU.Build.0 = Debug|Any CPU
		{E9264F00-E0AF-49C7-9EBD-2CBBBAC543C1}.Release|Any CPU.ActiveCfg = Release|Any CPU
		{E9264F00-E0AF-49C7-9EBD-2CBBBAC543C1}.Release|Any CPU.Build.0 = Release|Any CPU
		{E9264F00-E0AF-49C7-9EBD-2CBBBAC543C2}.Debug|Any CPU.ActiveCfg = Debug|Any CPU
		{E9264F00-E0AF-49C7-9EBD-2CBBBAC543C2}.Debug|Any CPU.Build.0 = Debug|Any CPU
		{E9264F00-E0AF-49C7-9EBD-2CBBBAC543C2}.Release|Any CPU.ActiveCfg = Release|Any CPU
		{E9264F00-E0AF-49C7-9EBD-2CBBBAC543C2}.Release|Any CPU.Build.0 = Release|Any CPU
		{E9264F00-E0AF-49C7-9EBD-2CBBBAC543C3}.Debug|Any CPU.ActiveCfg = Debug|Any CPU
		{E9264F00-E0AF-49C7-9EBD-2CBBBAC543C3}.Debug|Any CPU.Build.0 = Debug|Any CPU
		{E9264F00-E0AF-49C7-9EBD-2CBBBAC543C3}.Release|Any CPU.ActiveCfg = Release|Any CPU
		{E9264F00-E0AF-49C7-9EBD-2CBBBAC543C3}.Release|Any CPU.Build.0 = Release|Any CPU
		{EA080EC1-4E33-461C-9117-49525BCCDD84}.Debug|Any CPU.ActiveCfg = Debug|Any CPU
		{EA080EC1-4E33-461C-9117-49525BCCDD84}.Debug|Any CPU.Build.0 = Debug|Any CPU
		{EA080EC1-4E33-461C-9117-49525BCCDD84}.Release|Any CPU.ActiveCfg = Release|Any CPU
		{EA080EC1-4E33-461C-9117-49525BCCDD84}.Release|Any CPU.Build.0 = Release|Any CPU
		{F46A1956-66B0-46AF-91D9-2F923BD0260C}.Debug|Any CPU.ActiveCfg = Debug|Any CPU
		{F46A1956-66B0-46AF-91D9-2F923BD0260C}.Debug|Any CPU.Build.0 = Debug|Any CPU
		{F46A1956-66B0-46AF-91D9-2F923BD0260C}.Release|Any CPU.ActiveCfg = Release|Any CPU
		{F46A1956-66B0-46AF-91D9-2F923BD0260C}.Release|Any CPU.Build.0 = Release|Any CPU
		{FE29CBE8-005F-46A1-BE67-00086BB8E715}.Debug|Any CPU.ActiveCfg = Debug|Any CPU
		{FE29CBE8-005F-46A1-BE67-00086BB8E715}.Debug|Any CPU.Build.0 = Debug|Any CPU
		{FE29CBE8-005F-46A1-BE67-00086BB8E715}.Release|Any CPU.ActiveCfg = Release|Any CPU
		{FE29CBE8-005F-46A1-BE67-00086BB8E715}.Release|Any CPU.Build.0 = Release|Any CPU
		.Debug|Any CPU.ActiveCfg = Debug|Any CPU
		.Debug|Any CPU.Build.0 = Debug|Any CPU
		.Release|Any CPU.ActiveCfg = Release|Any CPU
		.Release|Any CPU.Build.0 = Release|Any CPU
		.Debug|Any CPU.ActiveCfg = Debug|Any CPU
		.Debug|Any CPU.Build.0 = Debug|Any CPU
		.Release|Any CPU.ActiveCfg = Release|Any CPU
		.Release|Any CPU.Build.0 = Release|Any CPU
	EndGlobalSection
	GlobalSection(MonoDevelopProperties) = preSolution
		StartupItem = NcbiBlastCliClient\NcbiBlastCliClient.csproj
		Policies = $0
		$0.TextStylePolicy = $1
		$1.FileWidth = 120
		$1.TabWidth = 4
		$1.EolMarker = Windows
		$1.inheritsSet = Mono
		$1.inheritsScope = text/plain
		$1.scope = text/plain
	EndGlobalSection
EndGlobal
